
Microsoft Visual Studio Solution File, Format Version 12.00
# Visual Studio Version 17
VisualStudioVersion = 17.0.31903.59
MinimumVisualStudioVersion = 10.0.40219.1
Project("{2150E333-8FDC-42A3-9474-1A3956D46DE8}") = "src", "src", "{827E0CD3-B72D-47B6-A68D-7590B98EB39B}"
EndProject
Project("{2150E333-8FDC-42A3-9474-1A3956D46DE8}") = "tests", "tests", "{8B290487-4C16-E85E-E807-F579CBE9FC4D}"
EndProject
Project("{FAE04EC0-301F-11D3-BF4B-00C04F79EFBC}") = "Vox.Domain", "src\Vox.Domain\Vox.Domain.csproj", "{87800511-A9A9-4E7E-B85A-9F81FBAE2208}"
EndProject
Project("{FAE04EC0-301F-11D3-BF4B-00C04F79EFBC}") = "Vox.Application", "src\Vox.Application\Vox.Application.csproj", "{4B595060-1187-4CAF-A346-98A8923C6E82}"
EndProject
Project("{FAE04EC0-301F-11D3-BF4B-00C04F79EFBC}") = "Vox.Infrastructure", "src\Vox.Infrastructure\Vox.Infrastructure.csproj", "{4D9C66F7-8974-491D-A9FD-7AC9E9B8E6AE}"
EndProject
Project("{FAE04EC0-301F-11D3-BF4B-00C04F79EFBC}") = "Vox.Api", "src\Vox.Api\Vox.Api.csproj", "{489CA5B7-A8CB-4189-8455-875839E47E7E}"
EndProject
Project("{FAE04EC0-301F-11D3-BF4B-00C04F79EFBC}") = "Vox.Domain.Tests", "tests\Vox.Domain.Tests\Vox.Domain.Tests.csproj", "{11596CF0-8E8E-4A85-A688-F7547900DA8D}"
EndProject
Project("{FAE04EC0-301F-11D3-BF4B-00C04F79EFBC}") = "Vox.Application.Tests", "tests\Vox.Application.Tests\Vox.Application.Tests.csproj", "{6FCBB880-E857-46C2-9CB1-C4541DF53C34}"
EndProject
Global
	GlobalSection(SolutionConfigurationPlatforms) = preSolution
		Debug|Any CPU = Debug|Any CPU
		Debug|x64 = Debug|x64
		Debug|x86 = Debug|x86
		Release|Any CPU = Release|Any CPU
		Release|x64 = Release|x64
		Release|x86 = Release|x86
	EndGlobalSection
	GlobalSection(ProjectConfigurationPlatforms) = postSolution
		{87800511-A9A9-4E7E-B85A-9F81FBAE2208}.Debug|Any CPU.ActiveCfg = Debug|Any CPU
		{87800511-A9A9-4E7E-B85A-9F81FBAE2208}.Debug|Any CPU.Build.0 = Debug|Any CPU
		{87800511-A9A9-4E7E-B85A-9F81FBAE2208}.Debug|x64.ActiveCfg = Debug|Any CPU
		{87800511-A9A9-4E7E-B85A-9F81FBAE2208}.Debug|x64.Build.0 = Debug|Any CPU
		{87800511-A9A9-4E7E-B85A-9F81FBAE2208}.Debug|x86.ActiveCfg = Debug|Any CPU
		{87800511-A9A9-4E7E-B85A-9F81FBAE2208}.Debug|x86.Build.0 = Debug|Any CPU
		{87800511-A9A9-4E7E-B85A-9F81FBAE2208}.Release|Any CPU.ActiveCfg = Release|Any CPU
		{87800511-A9A9-4E7E-B85A-9F81FBAE2208}.Release|Any CPU.Build.0 = Release|Any CPU
		{87800511-A9A9-4E7E-B85A-9F81FBAE2208}.Release|x64.ActiveCfg = Release|Any CPU
		{87800511-A9A9-4E7E-B85A-9F81FBAE2208}.Release|x64.Build.0 = Release|Any CPU
		{87800511-A9A9-4E7E-B85A-9F81FBAE2208}.Release|x86.ActiveCfg = Release|Any CPU
		{87800511-A9A9-4E7E-B85A-9F81FBAE2208}.Release|x86.Build.0 = Release|Any CPU
		{4B595060-1187-4CAF-A346-98A8923C6E82}.Debug|Any CPU.ActiveCfg = Debug|Any CPU
		{4B595060-1187-4CAF-A346-98A8923C6E82}.Debug|Any CPU.Build.0 = Debug|Any CPU
		{4B595060-1187-4CAF-A346-98A8923C6E82}.Debug|x64.ActiveCfg = Debug|Any CPU
		{4B595060-1187-4CAF-A346-98A8923C6E82}.Debug|x64.Build.0 = Debug|Any CPU
		{4B595060-1187-4CAF-A346-98A8923C6E82}.Debug|x86.ActiveCfg = Debug|Any CPU
		{4B595060-1187-4CAF-A346-98A8923C6E82}.Debug|x86.Build.0 = Debug|Any CPU
		{4B595060-1187-4CAF-A346-98A8923C6E82}.Release|Any CPU.ActiveCfg = Release|Any CPU
		{4B595060-1187-4CAF-A346-98A8923C6E82}.Release|Any CPU.Build.0 = Release|Any CPU
		{4B595060-1187-4CAF-A346-98A8923C6E82}.Release|x64.ActiveCfg = Release|Any CPU
		{4B595060-1187-4CAF-A346-98A8923C6E82}.Release|x64.Build.0 = Release|Any CPU
		{4B595060-1187-4CAF-A346-98A8923C6E82}.Release|x86.ActiveCfg = Release|Any CPU
		{4B595060-1187-4CAF-A346-98A8923C6E82}.Release|x86.Build.0 = Release|Any CPU
		{4D9C66F7-8974-491D-A9FD-7AC9E9B8E6AE}.Debug|Any CPU.ActiveCfg = Debug|Any CPU
		{4D9C66F7-8974-491D-A9FD-7AC9E9B8E6AE}.Debug|Any CPU.Build.0 = Debug|Any CPU
		{4D9C66F7-8974-491D-A9FD-7AC9E9B8E6AE}.Debug|x64.ActiveCfg = Debug|Any CPU
		{4D9C66F7-8974-491D-A9FD-7AC9E9B8E6AE}.Debug|x64.Build.0 = Debug|Any CPU
		{4D9C66F7-8974-491D-A9FD-7AC9E9B8E6AE}.Debug|x86.ActiveCfg = Debug|Any CPU
		{4D9C66F7-8974-491D-A9FD-7AC9E9B8E6AE}.Debug|x86.Build.0 = Debug|Any CPU
		{4D9C66F7-8974-491D-A9FD-7AC9E9B8E6AE}.Release|Any CPU.ActiveCfg = Release|Any CPU
		{4D9C66F7-8974-491D-A9FD-7AC9E9B8E6AE}.Release|Any CPU.Build.0 = Release|Any CPU
		{4D9C66F7-8974-491D-A9FD-7AC9E9B8E6AE}.Release|x64.ActiveCfg = Release|Any CPU
		{4D9C66F7-8974-491D-A9FD-7AC9E9B8E6AE}.Release|x64.Build.0 = Release|Any CPU
		{4D9C66F7-8974-491D-A9FD-7AC9E9B8E6AE}.Release|x86.ActiveCfg = Release|Any CPU
		{4D9C66F7-8974-491D-A9FD-7AC9E9B8E6AE}.Release|x86.Build.0 = Release|Any CPU
		{489CA5B7-A8CB-4189-8455-875839E47E7E}.Debug|Any CPU.ActiveCfg = Debug|Any CPU
		{489CA5B7-A8CB-4189-8455-875839E47E7E}.Debug|Any CPU.Build.0 = Debug|Any CPU
		{489CA5B7-A8CB-4189-8455-875839E47E7E}.Debug|x64.ActiveCfg = Debug|Any CPU
		{489CA5B7-A8CB-4189-8455-875839E47E7E}.Debug|x64.Build.0 = Debug|Any CPU
		{489CA5B7-A8CB-4189-8455-875839E47E7E}.Debug|x86.ActiveCfg = Debug|Any CPU
		{489CA5B7-A8CB-4189-8455-875839E47E7E}.Debug|x86.Build.0 = Debug|Any CPU
		{489CA5B7-A8CB-4189-8455-875839E47E7E}.Release|Any CPU.ActiveCfg = Release|Any CPU
		{489CA5B7-A8CB-4189-8455-875839E47E7E}.Release|Any CPU.Build.0 = Release|Any CPU
		{489CA5B7-A8CB-4189-8455-875839E47E7E}.Release|x64.ActiveCfg = Release|Any CPU
		{489CA5B7-A8CB-4189-8455-875839E47E7E}.Release|x64.Build.0 = Release|Any CPU
		{489CA5B7-A8CB-4189-8455-875839E47E7E}.Release|x86.ActiveCfg = Release|Any CPU
		{489CA5B7-A8CB-4189-8455-875839E47E7E}.Release|x86.Build.0 = Release|Any CPU
		{11596CF0-8E8E-4A85-A688-F7547900DA8D}.Debug|Any CPU.ActiveCfg = Debug|Any CPU
		{11596CF0-8E8E-4A85-A688-F7547900DA8D}.Debug|Any CPU.Build.0 = Debug|Any CPU
		{11596CF0-8E8E-4A85-A688-F7547900DA8D}.Debug|x64.ActiveCfg = Debug|Any CPU
		{11596CF0-8E8E-4A85-A688-F7547900DA8D}.Debug|x64.Build.0 = Debug|Any CPU
		{11596CF0-8E8E-4A85-A688-F7547900DA8D}.Debug|x86.ActiveCfg = Debug|Any CPU
		{11596CF0-8E8E-4A85-A688-F7547900DA8D}.Debug|x86.Build.0 = Debug|Any CPU
		{11596CF0-8E8E-4A85-A688-F7547900DA8D}.Release|Any CPU.ActiveCfg = Release|Any CPU
		{11596CF0-8E8E-4A85-A688-F7547900DA8D}.Release|Any CPU.Build.0 = Release|Any CPU
		{11596CF0-8E8E-4A85-A688-F7547900DA8D}.Release|x64.ActiveCfg = Release|Any CPU
		{11596CF0-8E8E-4A85-A688-F7547900DA8D}.Release|x64.Build.0 = Release|Any CPU
		{11596CF0-8E8E-4A85-A688-F7547900DA8D}.Release|x86.ActiveCfg = Release|Any CPU
		{11596CF0-8E8E-4A85-A688-F7547900DA8D}.Release|x86.Build.0 = Release|Any CPU
		{6FCBB880-E857-46C2-9CB1-C4541DF53C34}.Debug|Any CPU.ActiveCfg = Debug|Any CPU
		{6FCBB880-E857-46C2-9CB1-C4541DF53C34}.Debug|Any CPU.Build.0 = Debug|Any CPU
		{6FCBB880-E857-46C2-9CB1-C4541DF53C34}.Debug|x64.ActiveCfg = Debug|Any CPU
		{6FCBB880-E857-46C2-9CB1-C4541DF53C34}.Debug|x64.Build.0 = Debug|Any CPU
		{6FCBB880-E857-46C2-9CB1-C4541DF53C34}.Debug|x86.ActiveCfg = Debug|Any CPU
		{6FCBB880-E857-46C2-9CB1-C4541DF53C34}.Debug|x86.Build.0 = Debug|Any CPU
		{6FCBB880-E857-46C2-9CB1-C4541DF53C34}.Release|Any CPU.ActiveCfg = Release|Any CPU
		{6FCBB880-E857-46C2-9CB1-C4541DF53C34}.Release|Any CPU.Build.0 = Release|Any CPU
		{6FCBB880-E857-46C2-9CB1-C4541DF53C34}.Release|x64.ActiveCfg = Release|Any CPU
		{6FCBB880-E857-46C2-9CB1-C4541DF53C34}.Release|x64.Build.0 = Release|Any CPU
		{6FCBB880-E857-46C2-9CB1-C4541DF53C34}.Release|x86.ActiveCfg = Release|Any CPU
		{6FCBB880-E857-46C2-9CB1-C4541DF53C34}.Release|x86.Build.0 = Release|Any CPU
	EndGlobalSection
	GlobalSection(SolutionProperties) = preSolution
		HideSolutionNode = FALSE
	EndGlobalSection
	GlobalSection(NestedProjects) = preSolution
		{87800511-A9A9-4E7E-B85A-9F81FBAE2208} = {827E0CD3-B72D-47B6-A68D-7590B98EB39B}
		{4B595060-1187-4CAF-A346-98A8923C6E82} = {827E0CD3-B72D-47B6-A68D-7590B98EB39B}
		{4D9C66F7-8974-491D-A9FD-7AC9E9B8E6AE} = {827E0CD3-B72D-47B6-A68D-7590B98EB39B}
		{489CA5B7-A8CB-4189-8455-875839E47E7E} = {827E0CD3-B72D-47B6-A68D-7590B98EB39B}
		{11596CF0-8E8E-4A85-A688-F7547900DA8D} = {827E0CD3-B72D-47B6-A68D-7590B98EB39B}
		{6FCBB880-E857-46C2-9CB1-C4541DF53C34} = {827E0CD3-B72D-47B6-A68D-7590B98EB39B}
	EndGlobalSection
EndGlobal
